{
  "name": "thaithai",
  "lockfileVersion": 3,
  "requires": true,
  "packages": {
    "": {
      "dependencies": {
        "uuid-int": "^3.1.0"
      }
    },
    "node_modules/uuid-int": {
      "version": "3.1.0",
      "resolved": "https://registry.npmjs.org/uuid-int/-/uuid-int-3.1.0.tgz",
      "integrity": "sha512-L+TdqlKbIwO6XxkqpoRkE+MohbL1y6TpEbdDKuxs0MQ2rpO/Hv7Ktp76VneGAbGJRfmwQgvUlRXD6jO0mCzD9Q==",
      "engines": {
        "node": ">=8.9.0"
      }
    }
  }
}
